
Microsoft Visual Studio Solution File, Format Version 12.00
# Visual Studio Version 16
VisualStudioVersion = 16.0.29613.14
MinimumVisualStudioVersion = 10.0.40219.1
Project("{9A19103F-16F7-4668-BE54-9A1E7A4F7556}") = "ToDoApp", "ToDoApp\ToDoApp.csproj", "{73EAEB22-33E3-4FD2-B24D-D9EF724542D2}"
EndProject
Global
	GlobalSection(SolutionConfigurationPlatforms) = preSolution
		Debug|Any CPU = Debug|Any CPU
		Release|Any CPU = Release|Any CPU
	EndGlobalSection
	GlobalSection(ProjectConfigurationPlatforms) = postSolution
		{73EAEB22-33E3-4FD2-B24D-D9EF724542D2}.Debug|Any CPU.ActiveCfg = Debug|Any CPU
		{73EAEB22-33E3-4FD2-B24D-D9EF724542D2}.Debug|Any CPU.Build.0 = Debug|Any CPU
		{73EAEB22-33E3-4FD2-B24D-D9EF724542D2}.Release|Any CPU.ActiveCfg = Release|Any CPU
		{73EAEB22-33E3-4FD2-B24D-D9EF724542D2}.Release|Any CPU.Build.0 = Release|Any CPU
	EndGlobalSection
	GlobalSection(SolutionProperties) = preSolution
		HideSolutionNode = FALSE
	EndGlobalSection
	GlobalSection(ExtensibilityGlobals) = postSolution
		SolutionGuid = {73D877E6-6BA2-4C53-82D8-B458343DD808}
	EndGlobalSection
EndGlobal
